// !$*UTF8*$!
{
	archiveVersion = 1;
	classes = {
	};
	objectVersion = 56;
	objects = {

/* Begin PBXBuildFile section */
		633DC3662A4B8F7D00A73ABF /* GLTTCApp.swift in Sources */ = {isa = PBXBuildFile; fileRef = 633DC3652A4B8F7D00A73ABF /* GLTTCApp.swift */; };
		633DC3682A4B8F7D00A73ABF /* ContentView.swift in Sources */ = {isa = PBXBuildFile; fileRef = 633DC3672A4B8F7D00A73ABF /* ContentView.swift */; };
		633DC36A2A4B8F7E00A73ABF /* Assets.xcassets in Resources */ = {isa = PBXBuildFile; fileRef = 633DC3692A4B8F7E00A73ABF /* Assets.xcassets */; };
		633DC36D2A4B8F7E00A73ABF /* Preview Assets.xcassets in Resources */ = {isa = PBXBuildFile; fileRef = 633DC36C2A4B8F7E00A73ABF /* Preview Assets.xcassets */; };
		636D1E972A4BB2E70003AAF1 /* RegistrationView.swift in Sources */ = {isa = PBXBuildFile; fileRef = 636D1E962A4BB2E70003AAF1 /* RegistrationView.swift */; };
		636D1E992A4BB9050003AAF1 /* ProfileView.swift in Sources */ = {isa = PBXBuildFile; fileRef = 636D1E982A4BB9050003AAF1 /* ProfileView.swift */; };
		636D1E9B2A4BBAAB0003AAF1 /* SettingsRowView.swift in Sources */ = {isa = PBXBuildFile; fileRef = 636D1E9A2A4BBAAB0003AAF1 /* SettingsRowView.swift */; };
		636D1E9D2A4BC0140003AAF1 /* User.swift in Sources */ = {isa = PBXBuildFile; fileRef = 636D1E9C2A4BC0140003AAF1 /* User.swift */; };
		8292CFF72A4B9EEB003B8DEE /* LoginView.swift in Sources */ = {isa = PBXBuildFile; fileRef = 8292CFF62A4B9EEB003B8DEE /* LoginView.swift */; };
		8292CFFB2A4BA67C003B8DEE /* InputView.swift in Sources */ = {isa = PBXBuildFile; fileRef = 8292CFFA2A4BA67C003B8DEE /* InputView.swift */; };
		82FF009E2A4CDE350057BFAF /* GoogleService-Info.plist in Resources */ = {isa = PBXBuildFile; fileRef = 82FF009D2A4CDE350057BFAF /* GoogleService-Info.plist */; };
		82FF00A12A4CDF160057BFAF /* FirebaseAnalytics in Frameworks */ = {isa = PBXBuildFile; productRef = 82FF00A02A4CDF160057BFAF /* FirebaseAnalytics */; };
		82FF00A32A4CDF160057BFAF /* FirebaseAuth in Frameworks */ = {isa = PBXBuildFile; productRef = 82FF00A22A4CDF160057BFAF /* FirebaseAuth */; };
		82FF00A52A4CDF160057BFAF /* FirebaseFirestore in Frameworks */ = {isa = PBXBuildFile; productRef = 82FF00A42A4CDF160057BFAF /* FirebaseFirestore */; };
		82FF00A72A4CDF160057BFAF /* FirebaseFirestoreSwift in Frameworks */ = {isa = PBXBuildFile; productRef = 82FF00A62A4CDF160057BFAF /* FirebaseFirestoreSwift */; };
		82FF00A92A4CDF160057BFAF /* FirebaseStorage in Frameworks */ = {isa = PBXBuildFile; productRef = 82FF00A82A4CDF160057BFAF /* FirebaseStorage */; };
/* End PBXBuildFile section */

/* Begin PBXFileReference section */
		633DC3622A4B8F7D00A73ABF /* GLTTC.app */ = {isa = PBXFileReference; explicitFileType = wrapper.application; includeInIndex = 0; path = GLTTC.app; sourceTree = BUILT_PRODUCTS_DIR; };
		633DC3652A4B8F7D00A73ABF /* GLTTCApp.swift */ = {isa = PBXFileReference; lastKnownFileType = sourcecode.swift; path = GLTTCApp.swift; sourceTree = "<group>"; };
		633DC3672A4B8F7D00A73ABF /* ContentView.swift */ = {isa = PBXFileReference; lastKnownFileType = sourcecode.swift; path = ContentView.swift; sourceTree = "<group>"; };
		633DC3692A4B8F7E00A73ABF /* Assets.xcassets */ = {isa = PBXFileReference; lastKnownFileType = folder.assetcatalog; path = Assets.xcassets; sourceTree = "<group>"; };
		633DC36C2A4B8F7E00A73ABF /* Preview Assets.xcassets */ = {isa = PBXFileReference; lastKnownFileType = folder.assetcatalog; path = "Preview Assets.xcassets"; sourceTree = "<group>"; };
		636D1E962A4BB2E70003AAF1 /* RegistrationView.swift */ = {isa = PBXFileReference; lastKnownFileType = sourcecode.swift; path = RegistrationView.swift; sourceTree = "<group>"; };
		636D1E982A4BB9050003AAF1 /* ProfileView.swift */ = {isa = PBXFileReference; lastKnownFileType = sourcecode.swift; name = ProfileView.swift; path = GLTTC/Core/Authentication/ProfileView.swift; sourceTree = SOURCE_ROOT; };
		636D1E9A2A4BBAAB0003AAF1 /* SettingsRowView.swift */ = {isa = PBXFileReference; lastKnownFileType = sourcecode.swift; path = SettingsRowView.swift; sourceTree = "<group>"; };
		636D1E9C2A4BC0140003AAF1 /* User.swift */ = {isa = PBXFileReference; lastKnownFileType = sourcecode.swift; name = User.swift; path = GLTTC/Components/User.swift; sourceTree = SOURCE_ROOT; };
		8292CFF62A4B9EEB003B8DEE /* LoginView.swift */ = {isa = PBXFileReference; lastKnownFileType = sourcecode.swift; path = LoginView.swift; sourceTree = "<group>"; };
		8292CFFA2A4BA67C003B8DEE /* InputView.swift */ = {isa = PBXFileReference; lastKnownFileType = sourcecode.swift; path = InputView.swift; sourceTree = "<group>"; };
		82FF009D2A4CDE350057BFAF /* GoogleService-Info.plist */ = {isa = PBXFileReference; fileEncoding = 4; lastKnownFileType = text.plist.xml; path = "GoogleService-Info.plist"; sourceTree = "<group>"; };
/* End PBXFileReference section */

/* Begin PBXFrameworksBuildPhase section */
		633DC35F2A4B8F7D00A73ABF /* Frameworks */ = {
			isa = PBXFrameworksBuildPhase;
			buildActionMask = 2147483647;
			files = (
				82FF00A12A4CDF160057BFAF /* FirebaseAnalytics in Frameworks */,
				82FF00A32A4CDF160057BFAF /* FirebaseAuth in Frameworks */,
				82FF00A52A4CDF160057BFAF /* FirebaseFirestore in Frameworks */,
				82FF00A92A4CDF160057BFAF /* FirebaseStorage in Frameworks */,
				82FF00A72A4CDF160057BFAF /* FirebaseFirestoreSwift in Frameworks */,
			);
			runOnlyForDeploymentPostprocessing = 0;
		};
/* End PBXFrameworksBuildPhase section */

/* Begin PBXGroup section */
		633DC3592A4B8F7D00A73ABF = {
			isa = PBXGroup;
			children = (
				633DC3642A4B8F7D00A73ABF /* GLTTC */,
				633DC3632A4B8F7D00A73ABF /* Products */,
			);
			sourceTree = "<group>";
		};
		633DC3632A4B8F7D00A73ABF /* Products */ = {
			isa = PBXGroup;
			children = (
				633DC3622A4B8F7D00A73ABF /* GLTTC.app */,
			);
			name = Products;
			sourceTree = "<group>";
		};
		633DC3642A4B8F7D00A73ABF /* GLTTC */ = {
			isa = PBXGroup;
			children = (
				8292CFF22A4B9E0E003B8DEE /* App */,
				8292CFF12A4B9E0B003B8DEE /* Components */,
				8292CFF02A4B9E09003B8DEE /* Core */,
				8292CFEF2A4B9E05003B8DEE /* Model */,
				633DC3692A4B8F7E00A73ABF /* Assets.xcassets */,
				82FF009D2A4CDE350057BFAF /* GoogleService-Info.plist */,
				633DC36B2A4B8F7E00A73ABF /* Preview Content */,
			);
			path = GLTTC;
			sourceTree = "<group>";
		};
		633DC36B2A4B8F7E00A73ABF /* Preview Content */ = {
			isa = PBXGroup;
			children = (
				633DC36C2A4B8F7E00A73ABF /* Preview Assets.xcassets */,
			);
			path = "Preview Content";
			sourceTree = "<group>";
		};
		8292CFEF2A4B9E05003B8DEE /* Model */ = {
			isa = PBXGroup;
			children = (
				636D1E9C2A4BC0140003AAF1 /* User.swift */,
			);
			path = Model;
			sourceTree = "<group>";
		};
		8292CFF02A4B9E09003B8DEE /* Core */ = {
			isa = PBXGroup;
			children = (
				8292CFF52A4B9E96003B8DEE /* Profile */,
				8292CFF42A4B9E87003B8DEE /* Authentication */,
				8292CFF32A4B9E69003B8DEE /* Root */,
			);
			path = Core;
			sourceTree = "<group>";
		};
		8292CFF12A4B9E0B003B8DEE /* Components */ = {
			isa = PBXGroup;
			children = (
				8292CFFA2A4BA67C003B8DEE /* InputView.swift */,
				636D1E9A2A4BBAAB0003AAF1 /* SettingsRowView.swift */,
			);
			path = Components;
			sourceTree = "<group>";
		};
		8292CFF22A4B9E0E003B8DEE /* App */ = {
			isa = PBXGroup;
			children = (
				633DC3652A4B8F7D00A73ABF /* GLTTCApp.swift */,
			);
			path = App;
			sourceTree = "<group>";
		};
		8292CFF32A4B9E69003B8DEE /* Root */ = {
			isa = PBXGroup;
			children = (
				633DC3672A4B8F7D00A73ABF /* ContentView.swift */,
			);
			path = Root;
			sourceTree = "<group>";
		};
		8292CFF42A4B9E87003B8DEE /* Authentication */ = {
			isa = PBXGroup;
			children = (
				8292CFF62A4B9EEB003B8DEE /* LoginView.swift */,
				636D1E962A4BB2E70003AAF1 /* RegistrationView.swift */,
			);
			path = Authentication;
			sourceTree = "<group>";
		};
		8292CFF52A4B9E96003B8DEE /* Profile */ = {
			isa = PBXGroup;
			children = (
				636D1E982A4BB9050003AAF1 /* ProfileView.swift */,
			);
			path = Profile;
			sourceTree = "<group>";
		};
/* End PBXGroup section */

/* Begin PBXNativeTarget section */
		633DC3612A4B8F7D00A73ABF /* GLTTC */ = {
			isa = PBXNativeTarget;
			buildConfigurationList = 633DC3702A4B8F7E00A73ABF /* Build configuration list for PBXNativeTarget "GLTTC" */;
			buildPhases = (
				633DC35E2A4B8F7D00A73ABF /* Sources */,
				633DC35F2A4B8F7D00A73ABF /* Frameworks */,
				633DC3602A4B8F7D00A73ABF /* Resources */,
			);
			buildRules = (
			);
			dependencies = (
			);
			name = GLTTC;
			packageProductDependencies = (
				82FF00A02A4CDF160057BFAF /* FirebaseAnalytics */,
				82FF00A22A4CDF160057BFAF /* FirebaseAuth */,
				82FF00A42A4CDF160057BFAF /* FirebaseFirestore */,
				82FF00A62A4CDF160057BFAF /* FirebaseFirestoreSwift */,
				82FF00A82A4CDF160057BFAF /* FirebaseStorage */,
			);
			productName = GLTTC;
			productReference = 633DC3622A4B8F7D00A73ABF /* GLTTC.app */;
			productType = "com.apple.product-type.application";
		};
/* End PBXNativeTarget section */

/* Begin PBXProject section */
		633DC35A2A4B8F7D00A73ABF /* Project object */ = {
			isa = PBXProject;
			attributes = {
				BuildIndependentTargetsInParallel = 1;
				LastSwiftUpdateCheck = 1420;
				LastUpgradeCheck = 1420;
				TargetAttributes = {
					633DC3612A4B8F7D00A73ABF = {
						CreatedOnToolsVersion = 14.2;
					};
				};
			};
			buildConfigurationList = 633DC35D2A4B8F7D00A73ABF /* Build configuration list for PBXProject "GLTTC" */;
			compatibilityVersion = "Xcode 14.0";
			developmentRegion = en;
			hasScannedForEncodings = 0;
			knownRegions = (
				en,
				Base,
			);
			mainGroup = 633DC3592A4B8F7D00A73ABF;
			packageReferences = (
				82FF009F2A4CDF160057BFAF /* XCRemoteSwiftPackageReference "firebase-ios-sdk" */,
			);
			productRefGroup = 633DC3632A4B8F7D00A73ABF /* Products */;
			projectDirPath = "";
			projectRoot = "";
			targets = (
				633DC3612A4B8F7D00A73ABF /* GLTTC */,
			);
		};
/* End PBXProject section */

/* Begin PBXResourcesBuildPhase section */
		633DC3602A4B8F7D00A73ABF /* Resources */ = {
			isa = PBXResourcesBuildPhase;
			buildActionMask = 2147483647;
			files = (
				633DC36D2A4B8F7E00A73ABF /* Preview Assets.xcassets in Resources */,
				633DC36A2A4B8F7E00A73ABF /* Assets.xcassets in Resources */,
				82FF009E2A4CDE350057BFAF /* GoogleService-Info.plist in Resources */,
			);
			runOnlyForDeploymentPostprocessing = 0;
		};
/* End PBXResourcesBuildPhase section */

/* Begin PBXSourcesBuildPhase section */
		633DC35E2A4B8F7D00A73ABF /* Sources */ = {
			isa = PBXSourcesBuildPhase;
			buildActionMask = 2147483647;
			files = (
				8292CFF72A4B9EEB003B8DEE /* LoginView.swift in Sources */,
				8292CFFB2A4BA67C003B8DEE /* InputView.swift in Sources */,
				633DC3682A4B8F7D00A73ABF /* ContentView.swift in Sources */,
				633DC3662A4B8F7D00A73ABF /* GLTTCApp.swift in Sources */,
				636D1E9D2A4BC0140003AAF1 /* User.swift in Sources */,
				636D1E992A4BB9050003AAF1 /* ProfileView.swift in Sources */,
				636D1E972A4BB2E70003AAF1 /* RegistrationView.swift in Sources */,
				636D1E9B2A4BBAAB0003AAF1 /* SettingsRowView.swift in Sources */,
			);
			runOnlyForDeploymentPostprocessing = 0;
		};
/* End PBXSourcesBuildPhase section */

/* Begin XCBuildConfiguration section */
		633DC36E2A4B8F7E00A73ABF /* Debug */ = {
			isa = XCBuildConfiguration;
			buildSettings = {
				ALWAYS_SEARCH_USER_PATHS = NO;
				CLANG_ANALYZER_NONNULL = YES;
				CLANG_ANALYZER_NUMBER_OBJECT_CONVERSION = YES_AGGRESSIVE;
				CLANG_CXX_LANGUAGE_STANDARD = "gnu++20";
				CLANG_ENABLE_MODULES = YES;
				CLANG_ENABLE_OBJC_ARC = YES;
				CLANG_ENABLE_OBJC_WEAK = YES;
				CLANG_WARN_BLOCK_CAPTURE_AUTORELEASING = YES;
				CLANG_WARN_BOOL_CONVERSION = YES;
				CLANG_WARN_COMMA = YES;
				CLANG_WARN_CONSTANT_CONVERSION = YES;
				CLANG_WARN_DEPRECATED_OBJC_IMPLEMENTATIONS = YES;
				CLANG_WARN_DIRECT_OBJC_ISA_USAGE = YES_ERROR;
				CLANG_WARN_DOCUMENTATION_COMMENTS = YES;
				CLANG_WARN_EMPTY_BODY = YES;
				CLANG_WARN_ENUM_CONVERSION = YES;
				CLANG_WARN_INFINITE_RECURSION = YES;
				CLANG_WARN_INT_CONVERSION = YES;
				CLANG_WARN_NON_LITERAL_NULL_CONVERSION = YES;
				CLANG_WARN_OBJC_IMPLICIT_RETAIN_SELF = YES;
				CLANG_WARN_OBJC_LITERAL_CONVERSION = YES;
				CLANG_WARN_OBJC_ROOT_CLASS = YES_ERROR;
				CLANG_WARN_QUOTED_INCLUDE_IN_FRAMEWORK_HEADER = YES;
				CLANG_WARN_RANGE_LOOP_ANALYSIS = YES;
				CLANG_WARN_STRICT_PROTOTYPES = YES;
				CLANG_WARN_SUSPICIOUS_MOVE = YES;
				CLANG_WARN_UNGUARDED_AVAILABILITY = YES_AGGRESSIVE;
				CLANG_WARN_UNREACHABLE_CODE = YES;
				CLANG_WARN__DUPLICATE_METHOD_MATCH = YES;
				COPY_PHASE_STRIP = NO;
				DEBUG_INFORMATION_FORMAT = dwarf;
				ENABLE_STRICT_OBJC_MSGSEND = YES;
				ENABLE_TESTABILITY = YES;
				GCC_C_LANGUAGE_STANDARD = gnu11;
				GCC_DYNAMIC_NO_PIC = NO;
				GCC_NO_COMMON_BLOCKS = YES;
				GCC_OPTIMIZATION_LEVEL = 0;
				GCC_PREPROCESSOR_DEFINITIONS = (
					"DEBUG=1",
					"$(inherited)",
				);
				GCC_WARN_64_TO_32_BIT_CONVERSION = YES;
				GCC_WARN_ABOUT_RETURN_TYPE = YES_ERROR;
				GCC_WARN_UNDECLARED_SELECTOR = YES;
				GCC_WARN_UNINITIALIZED_AUTOS = YES_AGGRESSIVE;
				GCC_WARN_UNUSED_FUNCTION = YES;
				GCC_WARN_UNUSED_VARIABLE = YES;
				IPHONEOS_DEPLOYMENT_TARGET = 16.2;
				MTL_ENABLE_DEBUG_INFO = INCLUDE_SOURCE;
				MTL_FAST_MATH = YES;
				ONLY_ACTIVE_ARCH = YES;
				SDKROOT = iphoneos;
				SWIFT_ACTIVE_COMPILATION_CONDITIONS = DEBUG;
				SWIFT_OPTIMIZATION_LEVEL = "-Onone";
			};
			name = Debug;
		};
		633DC36F2A4B8F7E00A73ABF /* Release */ = {
			isa = XCBuildConfiguration;
			buildSettings = {
				ALWAYS_SEARCH_USER_PATHS = NO;
				CLANG_ANALYZER_NONNULL = YES;
				CLANG_ANALYZER_NUMBER_OBJECT_CONVERSION = YES_AGGRESSIVE;
				CLANG_CXX_LANGUAGE_STANDARD = "gnu++20";
				CLANG_ENABLE_MODULES = YES;
				CLANG_ENABLE_OBJC_ARC = YES;
				CLANG_ENABLE_OBJC_WEAK = YES;
				CLANG_WARN_BLOCK_CAPTURE_AUTORELEASING = YES;
				CLANG_WARN_BOOL_CONVERSION = YES;
				CLANG_WARN_COMMA = YES;
				CLANG_WARN_CONSTANT_CONVERSION = YES;
				CLANG_WARN_DEPRECATED_OBJC_IMPLEMENTATIONS = YES;
				CLANG_WARN_DIRECT_OBJC_ISA_USAGE = YES_ERROR;
				CLANG_WARN_DOCUMENTATION_COMMENTS = YES;
				CLANG_WARN_EMPTY_BODY = YES;
				CLANG_WARN_ENUM_CONVERSION = YES;
				CLANG_WARN_INFINITE_RECURSION = YES;
				CLANG_WARN_INT_CONVERSION = YES;
				CLANG_WARN_NON_LITERAL_NULL_CONVERSION = YES;
				CLANG_WARN_OBJC_IMPLICIT_RETAIN_SELF = YES;
				CLANG_WARN_OBJC_LITERAL_CONVERSION = YES;
				CLANG_WARN_OBJC_ROOT_CLASS = YES_ERROR;
				CLANG_WARN_QUOTED_INCLUDE_IN_FRAMEWORK_HEADER = YES;
				CLANG_WARN_RANGE_LOOP_ANALYSIS = YES;
				CLANG_WARN_STRICT_PROTOTYPES = YES;
				CLANG_WARN_SUSPICIOUS_MOVE = YES;
				CLANG_WARN_UNGUARDED_AVAILABILITY = YES_AGGRESSIVE;
				CLANG_WARN_UNREACHABLE_CODE = YES;
				CLANG_WARN__DUPLICATE_METHOD_MATCH = YES;
				COPY_PHASE_STRIP = NO;
				DEBUG_INFORMATION_FORMAT = "dwarf-with-dsym";
				ENABLE_NS_ASSERTIONS = NO;
				ENABLE_STRICT_OBJC_MSGSEND = YES;
				GCC_C_LANGUAGE_STANDARD = gnu11;
				GCC_NO_COMMON_BLOCKS = YES;
				GCC_WARN_64_TO_32_BIT_CONVERSION = YES;
				GCC_WARN_ABOUT_RETURN_TYPE = YES_ERROR;
				GCC_WARN_UNDECLARED_SELECTOR = YES;
				GCC_WARN_UNINITIALIZED_AUTOS = YES_AGGRESSIVE;
				GCC_WARN_UNUSED_FUNCTION = YES;
				GCC_WARN_UNUSED_VARIABLE = YES;
				IPHONEOS_DEPLOYMENT_TARGET = 16.2;
				MTL_ENABLE_DEBUG_INFO = NO;
				MTL_FAST_MATH = YES;
				SDKROOT = iphoneos;
				SWIFT_COMPILATION_MODE = wholemodule;
				SWIFT_OPTIMIZATION_LEVEL = "-O";
				VALIDATE_PRODUCT = YES;
			};
			name = Release;
		};
		633DC3712A4B8F7E00A73ABF /* Debug */ = {
			isa = XCBuildConfiguration;
			buildSettings = {
				ASSETCATALOG_COMPILER_APPICON_NAME = AppIcon;
				ASSETCATALOG_COMPILER_GLOBAL_ACCENT_COLOR_NAME = AccentColor;
				CODE_SIGN_STYLE = Automatic;
				CURRENT_PROJECT_VERSION = 1;
				DEVELOPMENT_ASSET_PATHS = "\"GLTTC/Preview Content\"";
				ENABLE_PREVIEWS = YES;
				GENERATE_INFOPLIST_FILE = YES;
				INFOPLIST_KEY_UIApplicationSceneManifest_Generation = YES;
				INFOPLIST_KEY_UIApplicationSupportsIndirectInputEvents = YES;
				INFOPLIST_KEY_UILaunchScreen_Generation = YES;
				INFOPLIST_KEY_UISupportedInterfaceOrientations_iPad = "UIInterfaceOrientationPortrait UIInterfaceOrientationPortraitUpsideDown UIInterfaceOrientationLandscapeLeft UIInterfaceOrientationLandscapeRight";
				INFOPLIST_KEY_UISupportedInterfaceOrientations_iPhone = "UIInterfaceOrientationPortrait UIInterfaceOrientationLandscapeLeft UIInterfaceOrientationLandscapeRight";
				LD_RUNPATH_SEARCH_PATHS = (
					"$(inherited)",
					"@executable_path/Frameworks",
				);
				MARKETING_VERSION = 1.0;
				PRODUCT_BUNDLE_IDENTIFIER = "com.example.apple-samplecode.GLTTC";
				PRODUCT_NAME = "$(TARGET_NAME)";
				SWIFT_EMIT_LOC_STRINGS = YES;
				SWIFT_VERSION = 5.0;
				TARGETED_DEVICE_FAMILY = "1,2";
			};
			name = Debug;
		};
		633DC3722A4B8F7E00A73ABF /* Release */ = {
			isa = XCBuildConfiguration;
			buildSettings = {
				ASSETCATALOG_COMPILER_APPICON_NAME = AppIcon;
				ASSETCATALOG_COMPILER_GLOBAL_ACCENT_COLOR_NAME = AccentColor;
				CODE_SIGN_STYLE = Automatic;
				CURRENT_PROJECT_VERSION = 1;
				DEVELOPMENT_ASSET_PATHS = "\"GLTTC/Preview Content\"";
				ENABLE_PREVIEWS = YES;
				GENERATE_INFOPLIST_FILE = YES;
				INFOPLIST_KEY_UIApplicationSceneManifest_Generation = YES;
				INFOPLIST_KEY_UIApplicationSupportsIndirectInputEvents = YES;
				INFOPLIST_KEY_UILaunchScreen_Generation = YES;
				INFOPLIST_KEY_UISupportedInterfaceOrientations_iPad = "UIInterfaceOrientationPortrait UIInterfaceOrientationPortraitUpsideDown UIInterfaceOrientationLandscapeLeft UIInterfaceOrientationLandscapeRight";
				INFOPLIST_KEY_UISupportedInterfaceOrientations_iPhone = "UIInterfaceOrientationPortrait UIInterfaceOrientationLandscapeLeft UIInterfaceOrientationLandscapeRight";
				LD_RUNPATH_SEARCH_PATHS = (
					"$(inherited)",
					"@executable_path/Frameworks",
				);
				MARKETING_VERSION = 1.0;
				PRODUCT_BUNDLE_IDENTIFIER = "com.example.apple-samplecode.GLTTC";
				PRODUCT_NAME = "$(TARGET_NAME)";
				SWIFT_EMIT_LOC_STRINGS = YES;
				SWIFT_VERSION = 5.0;
				TARGETED_DEVICE_FAMILY = "1,2";
			};
			name = Release;
		};
/* End XCBuildConfiguration section */

/* Begin XCConfigurationList section */
		633DC35D2A4B8F7D00A73ABF /* Build configuration list for PBXProject "GLTTC" */ = {
			isa = XCConfigurationList;
			buildConfigurations = (
				633DC36E2A4B8F7E00A73ABF /* Debug */,
				633DC36F2A4B8F7E00A73ABF /* Release */,
			);
			defaultConfigurationIsVisible = 0;
			defaultConfigurationName = Release;
		};
		633DC3702A4B8F7E00A73ABF /* Build configuration list for PBXNativeTarget "GLTTC" */ = {
			isa = XCConfigurationList;
			buildConfigurations = (
				633DC3712A4B8F7E00A73ABF /* Debug */,
				633DC3722A4B8F7E00A73ABF /* Release */,
			);
			defaultConfigurationIsVisible = 0;
			defaultConfigurationName = Release;
		};
/* End XCConfigurationList section */

/* Begin XCRemoteSwiftPackageReference section */
		82FF009F2A4CDF160057BFAF /* XCRemoteSwiftPackageReference "firebase-ios-sdk" */ = {
			isa = XCRemoteSwiftPackageReference;
			repositoryURL = "https://github.com/firebase/firebase-ios-sdk";
			requirement = {
				kind = upToNextMajorVersion;
				minimumVersion = 10.0.0;
			};
		};
/* End XCRemoteSwiftPackageReference section */

/* Begin XCSwiftPackageProductDependency section */
		82FF00A02A4CDF160057BFAF /* FirebaseAnalytics */ = {
			isa = XCSwiftPackageProductDependency;
			package = 82FF009F2A4CDF160057BFAF /* XCRemoteSwiftPackageReference "firebase-ios-sdk" */;
			productName = FirebaseAnalytics;
		};
		82FF00A22A4CDF160057BFAF /* FirebaseAuth */ = {
			isa = XCSwiftPackageProductDependency;
			package = 82FF009F2A4CDF160057BFAF /* XCRemoteSwiftPackageReference "firebase-ios-sdk" */;
			productName = FirebaseAuth;
		};
		82FF00A42A4CDF160057BFAF /* FirebaseFirestore */ = {
			isa = XCSwiftPackageProductDependency;
			package = 82FF009F2A4CDF160057BFAF /* XCRemoteSwiftPackageReference "firebase-ios-sdk" */;
			productName = FirebaseFirestore;
		};
		82FF00A62A4CDF160057BFAF /* FirebaseFirestoreSwift */ = {
			isa = XCSwiftPackageProductDependency;
			package = 82FF009F2A4CDF160057BFAF /* XCRemoteSwiftPackageReference "firebase-ios-sdk" */;
			productName = FirebaseFirestoreSwift;
		};
		82FF00A82A4CDF160057BFAF /* FirebaseStorage */ = {
			isa = XCSwiftPackageProductDependency;
			package = 82FF009F2A4CDF160057BFAF /* XCRemoteSwiftPackageReference "firebase-ios-sdk" */;
			productName = FirebaseStorage;
		};
/* End XCSwiftPackageProductDependency section */
	};
	rootObject = 633DC35A2A4B8F7D00A73ABF /* Project object */;
}
