// !$*UTF8*$!
{
	archiveVersion = 1;
	classes = {
	};
	objectVersion = 56;
	objects = {

/* Begin PBXBuildFile section */
		639C0E8C2A57A59800F5CACC /* GoogleService-Info.plist in Resources */ = {isa = PBXBuildFile; fileRef = 639C0E8B2A57A59800F5CACC /* GoogleService-Info.plist */; };
		639C0E8E2A5A22EA00F5CACC /* WaitingList.swift in Sources */ = {isa = PBXBuildFile; fileRef = 639C0E8D2A5A22EA00F5CACC /* WaitingList.swift */; };
		639C0E922A5E0D6F00F5CACC /* Match.swift in Sources */ = {isa = PBXBuildFile; fileRef = 639C0E912A5E0D6F00F5CACC /* Match.swift */; };
		639C0E952A5E0F4000F5CACC /* MatchViewModel.swift in Sources */ = {isa = PBXBuildFile; fileRef = 639C0E942A5E0F4000F5CACC /* MatchViewModel.swift */; };
		639C0E9B2A6098C100F5CACC /* ChangePlayingStatusViewModel.swift in Sources */ = {isa = PBXBuildFile; fileRef = 639C0E9A2A6098C100F5CACC /* ChangePlayingStatusViewModel.swift */; };
		639C0E9D2A6098DB00F5CACC /* Ponging.swift in Sources */ = {isa = PBXBuildFile; fileRef = 639C0E9C2A6098DB00F5CACC /* Ponging.swift */; };
		639C0E9F2A60992400F5CACC /* PongingViewModel.swift in Sources */ = {isa = PBXBuildFile; fileRef = 639C0E9E2A60992400F5CACC /* PongingViewModel.swift */; };
		639C0EA12A60A1ED00F5CACC /* ScoreBoard.swift in Sources */ = {isa = PBXBuildFile; fileRef = 639C0EA02A60A1ED00F5CACC /* ScoreBoard.swift */; };
		822ED2DC2A57A3F600E1DD06 /* LoggedInView.swift in Sources */ = {isa = PBXBuildFile; fileRef = 822ED2B22A57A3F600E1DD06 /* LoggedInView.swift */; };
		822ED2DD2A57A3F600E1DD06 /* BottomTabBar.swift in Sources */ = {isa = PBXBuildFile; fileRef = 822ED2B42A57A3F600E1DD06 /* BottomTabBar.swift */; };
		822ED2DE2A57A3F600E1DD06 /* TournamentViewModel.swift in Sources */ = {isa = PBXBuildFile; fileRef = 822ED2B62A57A3F600E1DD06 /* TournamentViewModel.swift */; };
		822ED2DF2A57A3F600E1DD06 /* TopTabBar.swift in Sources */ = {isa = PBXBuildFile; fileRef = 822ED2B92A57A3F600E1DD06 /* TopTabBar.swift */; };
		822ED2E02A57A3F600E1DD06 /* Tournament.swift in Sources */ = {isa = PBXBuildFile; fileRef = 822ED2BB2A57A3F600E1DD06 /* Tournament.swift */; };
		822ED2E12A57A3F600E1DD06 /* PlayersView.swift in Sources */ = {isa = PBXBuildFile; fileRef = 822ED2BC2A57A3F600E1DD06 /* PlayersView.swift */; };
		822ED2E22A57A3F600E1DD06 /* WaitingView.swift in Sources */ = {isa = PBXBuildFile; fileRef = 822ED2BD2A57A3F600E1DD06 /* WaitingView.swift */; };
		822ED2E32A57A3F600E1DD06 /* OnDeckView.swift in Sources */ = {isa = PBXBuildFile; fileRef = 822ED2BE2A57A3F600E1DD06 /* OnDeckView.swift */; };
		822ED2E42A57A3F600E1DD06 /* PongingView.swift in Sources */ = {isa = PBXBuildFile; fileRef = 822ED2BF2A57A3F600E1DD06 /* PongingView.swift */; };
		822ED2E52A57A3F600E1DD06 /* LeagueView.swift in Sources */ = {isa = PBXBuildFile; fileRef = 822ED2C02A57A3F600E1DD06 /* LeagueView.swift */; };
		822ED2E62A57A3F600E1DD06 /* ContentView.swift in Sources */ = {isa = PBXBuildFile; fileRef = 822ED2C22A57A3F600E1DD06 /* ContentView.swift */; };
		822ED2E72A57A3F600E1DD06 /* RatingView.swift in Sources */ = {isa = PBXBuildFile; fileRef = 822ED2C62A57A3F600E1DD06 /* RatingView.swift */; };
		822ED2E82A57A3F600E1DD06 /* ProfileView.swift in Sources */ = {isa = PBXBuildFile; fileRef = 822ED2C72A57A3F600E1DD06 /* ProfileView.swift */; };
		822ED2E92A57A3F600E1DD06 /* AccountView.swift in Sources */ = {isa = PBXBuildFile; fileRef = 822ED2C82A57A3F600E1DD06 /* AccountView.swift */; };
		822ED2EA2A57A3F600E1DD06 /* AdministratorAccountView.swift in Sources */ = {isa = PBXBuildFile; fileRef = 822ED2CA2A57A3F600E1DD06 /* AdministratorAccountView.swift */; };
		822ED2EB2A57A3F600E1DD06 /* AministratorTournamentView.swift in Sources */ = {isa = PBXBuildFile; fileRef = 822ED2CB2A57A3F600E1DD06 /* AministratorTournamentView.swift */; };
		822ED2EC2A57A3F600E1DD06 /* AuthViewModel.swift in Sources */ = {isa = PBXBuildFile; fileRef = 822ED2CE2A57A3F600E1DD06 /* AuthViewModel.swift */; };
		822ED2ED2A57A3F600E1DD06 /* RegistrationView.swift in Sources */ = {isa = PBXBuildFile; fileRef = 822ED2D02A57A3F600E1DD06 /* RegistrationView.swift */; };
		822ED2EE2A57A3F600E1DD06 /* LoginView.swift in Sources */ = {isa = PBXBuildFile; fileRef = 822ED2D12A57A3F600E1DD06 /* LoginView.swift */; };
		822ED2EF2A57A3F600E1DD06 /* UserAccountView.swift in Sources */ = {isa = PBXBuildFile; fileRef = 822ED2D22A57A3F600E1DD06 /* UserAccountView.swift */; };
		822ED2F02A57A3F600E1DD06 /* GLTTCApp.swift in Sources */ = {isa = PBXBuildFile; fileRef = 822ED2D42A57A3F600E1DD06 /* GLTTCApp.swift */; };
		822ED2F12A57A3F600E1DD06 /* Assets.xcassets in Resources */ = {isa = PBXBuildFile; fileRef = 822ED2D52A57A3F600E1DD06 /* Assets.xcassets */; };
		822ED2F22A57A3F600E1DD06 /* Preview Assets.xcassets in Resources */ = {isa = PBXBuildFile; fileRef = 822ED2D72A57A3F600E1DD06 /* Preview Assets.xcassets */; };
		822ED2F32A57A3F600E1DD06 /* SettingsRowView.swift in Sources */ = {isa = PBXBuildFile; fileRef = 822ED2D92A57A3F600E1DD06 /* SettingsRowView.swift */; };
		822ED2F42A57A3F600E1DD06 /* User.swift in Sources */ = {isa = PBXBuildFile; fileRef = 822ED2DA2A57A3F600E1DD06 /* User.swift */; };
		822ED2F52A57A3F600E1DD06 /* InputView.swift in Sources */ = {isa = PBXBuildFile; fileRef = 822ED2DB2A57A3F600E1DD06 /* InputView.swift */; };
		82D4D1D92A5F7C6F0037FE91 /* OnDeck.swift in Sources */ = {isa = PBXBuildFile; fileRef = 82D4D1D82A5F7C6F0037FE91 /* OnDeck.swift */; };
		82D4D1DB2A5F7DB50037FE91 /* OnDeckViewModel.swift in Sources */ = {isa = PBXBuildFile; fileRef = 82D4D1DA2A5F7DB50037FE91 /* OnDeckViewModel.swift */; };
		82FF00A12A4CDF160057BFAF /* FirebaseAnalytics in Frameworks */ = {isa = PBXBuildFile; productRef = 82FF00A02A4CDF160057BFAF /* FirebaseAnalytics */; };
		82FF00A32A4CDF160057BFAF /* FirebaseAuth in Frameworks */ = {isa = PBXBuildFile; productRef = 82FF00A22A4CDF160057BFAF /* FirebaseAuth */; };
		82FF00A52A4CDF160057BFAF /* FirebaseFirestore in Frameworks */ = {isa = PBXBuildFile; productRef = 82FF00A42A4CDF160057BFAF /* FirebaseFirestore */; };
		82FF00A72A4CDF160057BFAF /* FirebaseFirestoreSwift in Frameworks */ = {isa = PBXBuildFile; productRef = 82FF00A62A4CDF160057BFAF /* FirebaseFirestoreSwift */; };
		82FF00A92A4CDF160057BFAF /* FirebaseStorage in Frameworks */ = {isa = PBXBuildFile; productRef = 82FF00A82A4CDF160057BFAF /* FirebaseStorage */; };
/* End PBXBuildFile section */

/* Begin PBXFileReference section */
		633DC3622A4B8F7D00A73ABF /* GLTTC.app */ = {isa = PBXFileReference; explicitFileType = wrapper.application; includeInIndex = 0; path = GLTTC.app; sourceTree = BUILT_PRODUCTS_DIR; };
		639C0E8B2A57A59800F5CACC /* GoogleService-Info.plist */ = {isa = PBXFileReference; fileEncoding = 4; lastKnownFileType = text.plist.xml; path = "GoogleService-Info.plist"; sourceTree = "<group>"; };
		639C0E8D2A5A22EA00F5CACC /* WaitingList.swift */ = {isa = PBXFileReference; lastKnownFileType = sourcecode.swift; path = WaitingList.swift; sourceTree = "<group>"; };
		639C0E912A5E0D6F00F5CACC /* Match.swift */ = {isa = PBXFileReference; lastKnownFileType = sourcecode.swift; path = Match.swift; sourceTree = "<group>"; };
		639C0E942A5E0F4000F5CACC /* MatchViewModel.swift */ = {isa = PBXFileReference; lastKnownFileType = sourcecode.swift; path = MatchViewModel.swift; sourceTree = "<group>"; };
		639C0E9A2A6098C100F5CACC /* ChangePlayingStatusViewModel.swift */ = {isa = PBXFileReference; lastKnownFileType = sourcecode.swift; path = ChangePlayingStatusViewModel.swift; sourceTree = "<group>"; };
		639C0E9C2A6098DB00F5CACC /* Ponging.swift */ = {isa = PBXFileReference; lastKnownFileType = sourcecode.swift; path = Ponging.swift; sourceTree = "<group>"; };
		639C0E9E2A60992400F5CACC /* PongingViewModel.swift */ = {isa = PBXFileReference; lastKnownFileType = sourcecode.swift; path = PongingViewModel.swift; sourceTree = "<group>"; };
		639C0EA02A60A1ED00F5CACC /* ScoreBoard.swift */ = {isa = PBXFileReference; lastKnownFileType = sourcecode.swift; path = ScoreBoard.swift; sourceTree = "<group>"; };
		822ED2B22A57A3F600E1DD06 /* LoggedInView.swift */ = {isa = PBXFileReference; fileEncoding = 4; lastKnownFileType = sourcecode.swift; path = LoggedInView.swift; sourceTree = "<group>"; };
		822ED2B42A57A3F600E1DD06 /* BottomTabBar.swift */ = {isa = PBXFileReference; fileEncoding = 4; lastKnownFileType = sourcecode.swift; path = BottomTabBar.swift; sourceTree = "<group>"; };
		822ED2B62A57A3F600E1DD06 /* TournamentViewModel.swift */ = {isa = PBXFileReference; fileEncoding = 4; lastKnownFileType = sourcecode.swift; path = TournamentViewModel.swift; sourceTree = "<group>"; };
		822ED2B92A57A3F600E1DD06 /* TopTabBar.swift */ = {isa = PBXFileReference; fileEncoding = 4; lastKnownFileType = sourcecode.swift; path = TopTabBar.swift; sourceTree = "<group>"; };
		822ED2BB2A57A3F600E1DD06 /* Tournament.swift */ = {isa = PBXFileReference; fileEncoding = 4; lastKnownFileType = sourcecode.swift; path = Tournament.swift; sourceTree = "<group>"; };
		822ED2BC2A57A3F600E1DD06 /* PlayersView.swift */ = {isa = PBXFileReference; fileEncoding = 4; lastKnownFileType = sourcecode.swift; path = PlayersView.swift; sourceTree = "<group>"; };
		822ED2BD2A57A3F600E1DD06 /* WaitingView.swift */ = {isa = PBXFileReference; fileEncoding = 4; lastKnownFileType = sourcecode.swift; path = WaitingView.swift; sourceTree = "<group>"; };
		822ED2BE2A57A3F600E1DD06 /* OnDeckView.swift */ = {isa = PBXFileReference; fileEncoding = 4; lastKnownFileType = sourcecode.swift; path = OnDeckView.swift; sourceTree = "<group>"; };
		822ED2BF2A57A3F600E1DD06 /* PongingView.swift */ = {isa = PBXFileReference; fileEncoding = 4; lastKnownFileType = sourcecode.swift; path = PongingView.swift; sourceTree = "<group>"; };
		822ED2C02A57A3F600E1DD06 /* LeagueView.swift */ = {isa = PBXFileReference; fileEncoding = 4; lastKnownFileType = sourcecode.swift; path = LeagueView.swift; sourceTree = "<group>"; };
		822ED2C22A57A3F600E1DD06 /* ContentView.swift */ = {isa = PBXFileReference; fileEncoding = 4; lastKnownFileType = sourcecode.swift; path = ContentView.swift; sourceTree = "<group>"; };
		822ED2C62A57A3F600E1DD06 /* RatingView.swift */ = {isa = PBXFileReference; fileEncoding = 4; lastKnownFileType = sourcecode.swift; path = RatingView.swift; sourceTree = "<group>"; };
		822ED2C72A57A3F600E1DD06 /* ProfileView.swift */ = {isa = PBXFileReference; fileEncoding = 4; lastKnownFileType = sourcecode.swift; path = ProfileView.swift; sourceTree = "<group>"; };
		822ED2C82A57A3F600E1DD06 /* AccountView.swift */ = {isa = PBXFileReference; fileEncoding = 4; lastKnownFileType = sourcecode.swift; path = AccountView.swift; sourceTree = "<group>"; };
		822ED2CA2A57A3F600E1DD06 /* AdministratorAccountView.swift */ = {isa = PBXFileReference; fileEncoding = 4; lastKnownFileType = sourcecode.swift; path = AdministratorAccountView.swift; sourceTree = "<group>"; };
		822ED2CB2A57A3F600E1DD06 /* AministratorTournamentView.swift */ = {isa = PBXFileReference; fileEncoding = 4; lastKnownFileType = sourcecode.swift; path = AministratorTournamentView.swift; sourceTree = "<group>"; };
		822ED2CE2A57A3F600E1DD06 /* AuthViewModel.swift */ = {isa = PBXFileReference; fileEncoding = 4; lastKnownFileType = sourcecode.swift; path = AuthViewModel.swift; sourceTree = "<group>"; };
		822ED2D02A57A3F600E1DD06 /* RegistrationView.swift */ = {isa = PBXFileReference; fileEncoding = 4; lastKnownFileType = sourcecode.swift; path = RegistrationView.swift; sourceTree = "<group>"; };
		822ED2D12A57A3F600E1DD06 /* LoginView.swift */ = {isa = PBXFileReference; fileEncoding = 4; lastKnownFileType = sourcecode.swift; path = LoginView.swift; sourceTree = "<group>"; };
		822ED2D22A57A3F600E1DD06 /* UserAccountView.swift */ = {isa = PBXFileReference; fileEncoding = 4; lastKnownFileType = sourcecode.swift; path = UserAccountView.swift; sourceTree = "<group>"; };
		822ED2D42A57A3F600E1DD06 /* GLTTCApp.swift */ = {isa = PBXFileReference; fileEncoding = 4; lastKnownFileType = sourcecode.swift; path = GLTTCApp.swift; sourceTree = "<group>"; };
		822ED2D52A57A3F600E1DD06 /* Assets.xcassets */ = {isa = PBXFileReference; lastKnownFileType = folder.assetcatalog; path = Assets.xcassets; sourceTree = "<group>"; };
		822ED2D72A57A3F600E1DD06 /* Preview Assets.xcassets */ = {isa = PBXFileReference; lastKnownFileType = folder.assetcatalog; path = "Preview Assets.xcassets"; sourceTree = "<group>"; };
		822ED2D92A57A3F600E1DD06 /* SettingsRowView.swift */ = {isa = PBXFileReference; fileEncoding = 4; lastKnownFileType = sourcecode.swift; path = SettingsRowView.swift; sourceTree = "<group>"; };
		822ED2DA2A57A3F600E1DD06 /* User.swift */ = {isa = PBXFileReference; fileEncoding = 4; lastKnownFileType = sourcecode.swift; path = User.swift; sourceTree = "<group>"; };
		822ED2DB2A57A3F600E1DD06 /* InputView.swift */ = {isa = PBXFileReference; fileEncoding = 4; lastKnownFileType = sourcecode.swift; path = InputView.swift; sourceTree = "<group>"; };
		82D4D1D82A5F7C6F0037FE91 /* OnDeck.swift */ = {isa = PBXFileReference; lastKnownFileType = sourcecode.swift; path = OnDeck.swift; sourceTree = "<group>"; };
		82D4D1DA2A5F7DB50037FE91 /* OnDeckViewModel.swift */ = {isa = PBXFileReference; lastKnownFileType = sourcecode.swift; path = OnDeckViewModel.swift; sourceTree = "<group>"; };
/* End PBXFileReference section */

/* Begin PBXFrameworksBuildPhase section */
		633DC35F2A4B8F7D00A73ABF /* Frameworks */ = {
			isa = PBXFrameworksBuildPhase;
			buildActionMask = 2147483647;
			files = (
				82FF00A12A4CDF160057BFAF /* FirebaseAnalytics in Frameworks */,
				82FF00A32A4CDF160057BFAF /* FirebaseAuth in Frameworks */,
				82FF00A52A4CDF160057BFAF /* FirebaseFirestore in Frameworks */,
				82FF00A92A4CDF160057BFAF /* FirebaseStorage in Frameworks */,
				82FF00A72A4CDF160057BFAF /* FirebaseFirestoreSwift in Frameworks */,
			);
			runOnlyForDeploymentPostprocessing = 0;
		};
/* End PBXFrameworksBuildPhase section */

/* Begin PBXGroup section */
		633DC3592A4B8F7D00A73ABF = {
			isa = PBXGroup;
			children = (
				822ED2AF2A57A3F600E1DD06 /* GLTTC */,
				633DC3632A4B8F7D00A73ABF /* Products */,
			);
			sourceTree = "<group>";
		};
		633DC3632A4B8F7D00A73ABF /* Products */ = {
			isa = PBXGroup;
			children = (
				633DC3622A4B8F7D00A73ABF /* GLTTC.app */,
			);
			name = Products;
			sourceTree = "<group>";
		};
		639C0E8F2A5E012200F5CACC /* Model */ = {
			isa = PBXGroup;
			children = (
				822ED2BB2A57A3F600E1DD06 /* Tournament.swift */,
				822ED2DA2A57A3F600E1DD06 /* User.swift */,
				82D4D1D82A5F7C6F0037FE91 /* OnDeck.swift */,
				639C0E9C2A6098DB00F5CACC /* Ponging.swift */,
				639C0E912A5E0D6F00F5CACC /* Match.swift */,
				639C0EA02A60A1ED00F5CACC /* ScoreBoard.swift */,
			);
			path = Model;
			sourceTree = "<group>";
		};
		639C0E932A5E0F1A00F5CACC /* Match */ = {
			isa = PBXGroup;
			children = (
				639C0E942A5E0F4000F5CACC /* MatchViewModel.swift */,
			);
			path = Match;
			sourceTree = "<group>";
		};
		639C0E962A60977500F5CACC /* PlayingStatus */ = {
			isa = PBXGroup;
			children = (
				639C0E992A60989400F5CACC /* ChangePlayingStatus */,
				639C0E982A60983B00F5CACC /* Waiting */,
				639C0E972A60981400F5CACC /* Ponging */,
				82D4D1DC2A5F7DEA0037FE91 /* OnDeck */,
			);
			path = PlayingStatus;
			sourceTree = "<group>";
		};
		639C0E972A60981400F5CACC /* Ponging */ = {
			isa = PBXGroup;
			children = (
				639C0E9E2A60992400F5CACC /* PongingViewModel.swift */,
			);
			path = Ponging;
			sourceTree = "<group>";
		};
		639C0E982A60983B00F5CACC /* Waiting */ = {
			isa = PBXGroup;
			children = (
				639C0E8D2A5A22EA00F5CACC /* WaitingList.swift */,
			);
			path = Waiting;
			sourceTree = "<group>";
		};
		639C0E992A60989400F5CACC /* ChangePlayingStatus */ = {
			isa = PBXGroup;
			children = (
				639C0E9A2A6098C100F5CACC /* ChangePlayingStatusViewModel.swift */,
			);
			path = ChangePlayingStatus;
			sourceTree = "<group>";
		};
		822ED2AF2A57A3F600E1DD06 /* GLTTC */ = {
			isa = PBXGroup;
			children = (
				639C0E8B2A57A59800F5CACC /* GoogleService-Info.plist */,
				822ED2B02A57A3F600E1DD06 /* Core */,
				822ED2D32A57A3F600E1DD06 /* App */,
				822ED2D52A57A3F600E1DD06 /* Assets.xcassets */,
				822ED2D62A57A3F600E1DD06 /* Preview Content */,
				822ED2D82A57A3F600E1DD06 /* Components */,
			);
			path = GLTTC;
			sourceTree = "<group>";
		};
		822ED2B02A57A3F600E1DD06 /* Core */ = {
			isa = PBXGroup;
			children = (
				639C0E962A60977500F5CACC /* PlayingStatus */,
				639C0E932A5E0F1A00F5CACC /* Match */,
				639C0E8F2A5E012200F5CACC /* Model */,
				822ED2B12A57A3F600E1DD06 /* LoggedInView */,
				822ED2B32A57A3F600E1DD06 /* BottomTabBar */,
				822ED2B52A57A3F600E1DD06 /* Tournament */,
				822ED2B72A57A3F600E1DD06 /* League */,
				822ED2C12A57A3F600E1DD06 /* Root */,
				822ED2C32A57A3F600E1DD06 /* Account */,
				822ED2CC2A57A3F600E1DD06 /* Authentication */,
			);
			path = Core;
			sourceTree = "<group>";
		};
		822ED2B12A57A3F600E1DD06 /* LoggedInView */ = {
			isa = PBXGroup;
			children = (
				822ED2B22A57A3F600E1DD06 /* LoggedInView.swift */,
			);
			path = LoggedInView;
			sourceTree = "<group>";
		};
		822ED2B32A57A3F600E1DD06 /* BottomTabBar */ = {
			isa = PBXGroup;
			children = (
				822ED2B42A57A3F600E1DD06 /* BottomTabBar.swift */,
			);
			path = BottomTabBar;
			sourceTree = "<group>";
		};
		822ED2B52A57A3F600E1DD06 /* Tournament */ = {
			isa = PBXGroup;
			children = (
				822ED2B62A57A3F600E1DD06 /* TournamentViewModel.swift */,
			);
			path = Tournament;
			sourceTree = "<group>";
		};
		822ED2B72A57A3F600E1DD06 /* League */ = {
			isa = PBXGroup;
			children = (
				822ED2B82A57A3F600E1DD06 /* TopTabBar */,
				822ED2BA2A57A3F600E1DD06 /* TopTabBarView */,
				822ED2C02A57A3F600E1DD06 /* LeagueView.swift */,
			);
			path = League;
			sourceTree = "<group>";
		};
		822ED2B82A57A3F600E1DD06 /* TopTabBar */ = {
			isa = PBXGroup;
			children = (
				822ED2B92A57A3F600E1DD06 /* TopTabBar.swift */,
			);
			path = TopTabBar;
			sourceTree = "<group>";
		};
		822ED2BA2A57A3F600E1DD06 /* TopTabBarView */ = {
			isa = PBXGroup;
			children = (
				822ED2BC2A57A3F600E1DD06 /* PlayersView.swift */,
				822ED2BD2A57A3F600E1DD06 /* WaitingView.swift */,
				822ED2BE2A57A3F600E1DD06 /* OnDeckView.swift */,
				822ED2BF2A57A3F600E1DD06 /* PongingView.swift */,
			);
			path = TopTabBarView;
			sourceTree = "<group>";
		};
		822ED2C12A57A3F600E1DD06 /* Root */ = {
			isa = PBXGroup;
			children = (
				822ED2C22A57A3F600E1DD06 /* ContentView.swift */,
			);
			path = Root;
			sourceTree = "<group>";
		};
		822ED2C32A57A3F600E1DD06 /* Account */ = {
			isa = PBXGroup;
			children = (
				822ED2C42A57A3F600E1DD06 /* Profile */,
				822ED2C82A57A3F600E1DD06 /* AccountView.swift */,
				822ED2C92A57A3F600E1DD06 /* Administrator */,
			);
			path = Account;
			sourceTree = "<group>";
		};
		822ED2C42A57A3F600E1DD06 /* Profile */ = {
			isa = PBXGroup;
			children = (
				822ED2C52A57A3F600E1DD06 /* Rating */,
				822ED2C72A57A3F600E1DD06 /* ProfileView.swift */,
			);
			path = Profile;
			sourceTree = "<group>";
		};
		822ED2C52A57A3F600E1DD06 /* Rating */ = {
			isa = PBXGroup;
			children = (
				822ED2C62A57A3F600E1DD06 /* RatingView.swift */,
			);
			path = Rating;
			sourceTree = "<group>";
		};
		822ED2C92A57A3F600E1DD06 /* Administrator */ = {
			isa = PBXGroup;
			children = (
				822ED2CA2A57A3F600E1DD06 /* AdministratorAccountView.swift */,
				822ED2CB2A57A3F600E1DD06 /* AministratorTournamentView.swift */,
			);
			path = Administrator;
			sourceTree = "<group>";
		};
		822ED2CC2A57A3F600E1DD06 /* Authentication */ = {
			isa = PBXGroup;
			children = (
				822ED2CD2A57A3F600E1DD06 /* ViewModel */,
				822ED2CF2A57A3F600E1DD06 /* View */,
				822ED2D22A57A3F600E1DD06 /* UserAccountView.swift */,
			);
			path = Authentication;
			sourceTree = "<group>";
		};
		822ED2CD2A57A3F600E1DD06 /* ViewModel */ = {
			isa = PBXGroup;
			children = (
				822ED2CE2A57A3F600E1DD06 /* AuthViewModel.swift */,
			);
			path = ViewModel;
			sourceTree = "<group>";
		};
		822ED2CF2A57A3F600E1DD06 /* View */ = {
			isa = PBXGroup;
			children = (
				822ED2D02A57A3F600E1DD06 /* RegistrationView.swift */,
				822ED2D12A57A3F600E1DD06 /* LoginView.swift */,
			);
			path = View;
			sourceTree = "<group>";
		};
		822ED2D32A57A3F600E1DD06 /* App */ = {
			isa = PBXGroup;
			children = (
				822ED2D42A57A3F600E1DD06 /* GLTTCApp.swift */,
			);
			path = App;
			sourceTree = "<group>";
		};
		822ED2D62A57A3F600E1DD06 /* Preview Content */ = {
			isa = PBXGroup;
			children = (
				822ED2D72A57A3F600E1DD06 /* Preview Assets.xcassets */,
			);
			path = "Preview Content";
			sourceTree = "<group>";
		};
		822ED2D82A57A3F600E1DD06 /* Components */ = {
			isa = PBXGroup;
			children = (
				822ED2D92A57A3F600E1DD06 /* SettingsRowView.swift */,
				822ED2DB2A57A3F600E1DD06 /* InputView.swift */,
			);
			path = Components;
			sourceTree = "<group>";
		};
		82D4D1DC2A5F7DEA0037FE91 /* OnDeck */ = {
			isa = PBXGroup;
			children = (
				82D4D1DA2A5F7DB50037FE91 /* OnDeckViewModel.swift */,
			);
			path = OnDeck;
			sourceTree = "<group>";
		};
/* End PBXGroup section */

/* Begin PBXNativeTarget section */
		633DC3612A4B8F7D00A73ABF /* GLTTC */ = {
			isa = PBXNativeTarget;
			buildConfigurationList = 633DC3702A4B8F7E00A73ABF /* Build configuration list for PBXNativeTarget "GLTTC" */;
			buildPhases = (
				633DC35E2A4B8F7D00A73ABF /* Sources */,
				633DC35F2A4B8F7D00A73ABF /* Frameworks */,
				633DC3602A4B8F7D00A73ABF /* Resources */,
			);
			buildRules = (
			);
			dependencies = (
			);
			name = GLTTC;
			packageProductDependencies = (
				82FF00A02A4CDF160057BFAF /* FirebaseAnalytics */,
				82FF00A22A4CDF160057BFAF /* FirebaseAuth */,
				82FF00A42A4CDF160057BFAF /* FirebaseFirestore */,
				82FF00A62A4CDF160057BFAF /* FirebaseFirestoreSwift */,
				82FF00A82A4CDF160057BFAF /* FirebaseStorage */,
			);
			productName = GLTTC;
			productReference = 633DC3622A4B8F7D00A73ABF /* GLTTC.app */;
			productType = "com.apple.product-type.application";
		};
/* End PBXNativeTarget section */

/* Begin PBXProject section */
		633DC35A2A4B8F7D00A73ABF /* Project object */ = {
			isa = PBXProject;
			attributes = {
				BuildIndependentTargetsInParallel = 1;
				LastSwiftUpdateCheck = 1420;
				LastUpgradeCheck = 1420;
				TargetAttributes = {
					633DC3612A4B8F7D00A73ABF = {
						CreatedOnToolsVersion = 14.2;
					};
				};
			};
			buildConfigurationList = 633DC35D2A4B8F7D00A73ABF /* Build configuration list for PBXProject "GLTTC" */;
			compatibilityVersion = "Xcode 14.0";
			developmentRegion = en;
			hasScannedForEncodings = 0;
			knownRegions = (
				en,
				Base,
			);
			mainGroup = 633DC3592A4B8F7D00A73ABF;
			packageReferences = (
				82FF009F2A4CDF160057BFAF /* XCRemoteSwiftPackageReference "firebase-ios-sdk" */,
			);
			productRefGroup = 633DC3632A4B8F7D00A73ABF /* Products */;
			projectDirPath = "";
			projectRoot = "";
			targets = (
				633DC3612A4B8F7D00A73ABF /* GLTTC */,
			);
		};
/* End PBXProject section */

/* Begin PBXResourcesBuildPhase section */
		633DC3602A4B8F7D00A73ABF /* Resources */ = {
			isa = PBXResourcesBuildPhase;
			buildActionMask = 2147483647;
			files = (
				822ED2F22A57A3F600E1DD06 /* Preview Assets.xcassets in Resources */,
				639C0E8C2A57A59800F5CACC /* GoogleService-Info.plist in Resources */,
				822ED2F12A57A3F600E1DD06 /* Assets.xcassets in Resources */,
			);
			runOnlyForDeploymentPostprocessing = 0;
		};
/* End PBXResourcesBuildPhase section */

/* Begin PBXSourcesBuildPhase section */
		633DC35E2A4B8F7D00A73ABF /* Sources */ = {
			isa = PBXSourcesBuildPhase;
			buildActionMask = 2147483647;
			files = (
				822ED2EB2A57A3F600E1DD06 /* AministratorTournamentView.swift in Sources */,
				82D4D1DB2A5F7DB50037FE91 /* OnDeckViewModel.swift in Sources */,
				822ED2DE2A57A3F600E1DD06 /* TournamentViewModel.swift in Sources */,
				639C0E8E2A5A22EA00F5CACC /* WaitingList.swift in Sources */,
				82D4D1D92A5F7C6F0037FE91 /* OnDeck.swift in Sources */,
				822ED2E82A57A3F600E1DD06 /* ProfileView.swift in Sources */,
				822ED2EF2A57A3F600E1DD06 /* UserAccountView.swift in Sources */,
				822ED2ED2A57A3F600E1DD06 /* RegistrationView.swift in Sources */,
				822ED2E62A57A3F600E1DD06 /* ContentView.swift in Sources */,
				822ED2DF2A57A3F600E1DD06 /* TopTabBar.swift in Sources */,
				822ED2E92A57A3F600E1DD06 /* AccountView.swift in Sources */,
				639C0E922A5E0D6F00F5CACC /* Match.swift in Sources */,
				822ED2E72A57A3F600E1DD06 /* RatingView.swift in Sources */,
				822ED2EC2A57A3F600E1DD06 /* AuthViewModel.swift in Sources */,
				822ED2E32A57A3F600E1DD06 /* OnDeckView.swift in Sources */,
				639C0E9F2A60992400F5CACC /* PongingViewModel.swift in Sources */,
				822ED2E52A57A3F600E1DD06 /* LeagueView.swift in Sources */,
				822ED2E42A57A3F600E1DD06 /* PongingView.swift in Sources */,
				639C0E9D2A6098DB00F5CACC /* Ponging.swift in Sources */,
				822ED2E22A57A3F600E1DD06 /* WaitingView.swift in Sources */,
				822ED2EA2A57A3F600E1DD06 /* AdministratorAccountView.swift in Sources */,
				639C0EA12A60A1ED00F5CACC /* ScoreBoard.swift in Sources */,
				822ED2DD2A57A3F600E1DD06 /* BottomTabBar.swift in Sources */,
				639C0E9B2A6098C100F5CACC /* ChangePlayingStatusViewModel.swift in Sources */,
				822ED2DC2A57A3F600E1DD06 /* LoggedInView.swift in Sources */,
				639C0E952A5E0F4000F5CACC /* MatchViewModel.swift in Sources */,
				822ED2EE2A57A3F600E1DD06 /* LoginView.swift in Sources */,
				822ED2F32A57A3F600E1DD06 /* SettingsRowView.swift in Sources */,
				822ED2E02A57A3F600E1DD06 /* Tournament.swift in Sources */,
				822ED2F02A57A3F600E1DD06 /* GLTTCApp.swift in Sources */,
				822ED2F52A57A3F600E1DD06 /* InputView.swift in Sources */,
				822ED2E12A57A3F600E1DD06 /* PlayersView.swift in Sources */,
				822ED2F42A57A3F600E1DD06 /* User.swift in Sources */,
			);
			runOnlyForDeploymentPostprocessing = 0;
		};
/* End PBXSourcesBuildPhase section */

/* Begin XCBuildConfiguration section */
		633DC36E2A4B8F7E00A73ABF /* Debug */ = {
			isa = XCBuildConfiguration;
			buildSettings = {
				ALWAYS_SEARCH_USER_PATHS = NO;
				CLANG_ANALYZER_NONNULL = YES;
				CLANG_ANALYZER_NUMBER_OBJECT_CONVERSION = YES_AGGRESSIVE;
				CLANG_CXX_LANGUAGE_STANDARD = "gnu++20";
				CLANG_ENABLE_MODULES = YES;
				CLANG_ENABLE_OBJC_ARC = YES;
				CLANG_ENABLE_OBJC_WEAK = YES;
				CLANG_WARN_BLOCK_CAPTURE_AUTORELEASING = YES;
				CLANG_WARN_BOOL_CONVERSION = YES;
				CLANG_WARN_COMMA = YES;
				CLANG_WARN_CONSTANT_CONVERSION = YES;
				CLANG_WARN_DEPRECATED_OBJC_IMPLEMENTATIONS = YES;
				CLANG_WARN_DIRECT_OBJC_ISA_USAGE = YES_ERROR;
				CLANG_WARN_DOCUMENTATION_COMMENTS = YES;
				CLANG_WARN_EMPTY_BODY = YES;
				CLANG_WARN_ENUM_CONVERSION = YES;
				CLANG_WARN_INFINITE_RECURSION = YES;
				CLANG_WARN_INT_CONVERSION = YES;
				CLANG_WARN_NON_LITERAL_NULL_CONVERSION = YES;
				CLANG_WARN_OBJC_IMPLICIT_RETAIN_SELF = YES;
				CLANG_WARN_OBJC_LITERAL_CONVERSION = YES;
				CLANG_WARN_OBJC_ROOT_CLASS = YES_ERROR;
				CLANG_WARN_QUOTED_INCLUDE_IN_FRAMEWORK_HEADER = YES;
				CLANG_WARN_RANGE_LOOP_ANALYSIS = YES;
				CLANG_WARN_STRICT_PROTOTYPES = YES;
				CLANG_WARN_SUSPICIOUS_MOVE = YES;
				CLANG_WARN_UNGUARDED_AVAILABILITY = YES_AGGRESSIVE;
				CLANG_WARN_UNREACHABLE_CODE = YES;
				CLANG_WARN__DUPLICATE_METHOD_MATCH = YES;
				COPY_PHASE_STRIP = NO;
				DEBUG_INFORMATION_FORMAT = dwarf;
				ENABLE_STRICT_OBJC_MSGSEND = YES;
				ENABLE_TESTABILITY = YES;
				GCC_C_LANGUAGE_STANDARD = gnu11;
				GCC_DYNAMIC_NO_PIC = NO;
				GCC_NO_COMMON_BLOCKS = YES;
				GCC_OPTIMIZATION_LEVEL = 0;
				GCC_PREPROCESSOR_DEFINITIONS = (
					"DEBUG=1",
					"$(inherited)",
				);
				GCC_WARN_64_TO_32_BIT_CONVERSION = YES;
				GCC_WARN_ABOUT_RETURN_TYPE = YES_ERROR;
				GCC_WARN_UNDECLARED_SELECTOR = YES;
				GCC_WARN_UNINITIALIZED_AUTOS = YES_AGGRESSIVE;
				GCC_WARN_UNUSED_FUNCTION = YES;
				GCC_WARN_UNUSED_VARIABLE = YES;
				IPHONEOS_DEPLOYMENT_TARGET = 16.2;
				MTL_ENABLE_DEBUG_INFO = INCLUDE_SOURCE;
				MTL_FAST_MATH = YES;
				ONLY_ACTIVE_ARCH = YES;
				SDKROOT = iphoneos;
				SWIFT_ACTIVE_COMPILATION_CONDITIONS = DEBUG;
				SWIFT_OPTIMIZATION_LEVEL = "-Onone";
			};
			name = Debug;
		};
		633DC36F2A4B8F7E00A73ABF /* Release */ = {
			isa = XCBuildConfiguration;
			buildSettings = {
				ALWAYS_SEARCH_USER_PATHS = NO;
				CLANG_ANALYZER_NONNULL = YES;
				CLANG_ANALYZER_NUMBER_OBJECT_CONVERSION = YES_AGGRESSIVE;
				CLANG_CXX_LANGUAGE_STANDARD = "gnu++20";
				CLANG_ENABLE_MODULES = YES;
				CLANG_ENABLE_OBJC_ARC = YES;
				CLANG_ENABLE_OBJC_WEAK = YES;
				CLANG_WARN_BLOCK_CAPTURE_AUTORELEASING = YES;
				CLANG_WARN_BOOL_CONVERSION = YES;
				CLANG_WARN_COMMA = YES;
				CLANG_WARN_CONSTANT_CONVERSION = YES;
				CLANG_WARN_DEPRECATED_OBJC_IMPLEMENTATIONS = YES;
				CLANG_WARN_DIRECT_OBJC_ISA_USAGE = YES_ERROR;
				CLANG_WARN_DOCUMENTATION_COMMENTS = YES;
				CLANG_WARN_EMPTY_BODY = YES;
				CLANG_WARN_ENUM_CONVERSION = YES;
				CLANG_WARN_INFINITE_RECURSION = YES;
				CLANG_WARN_INT_CONVERSION = YES;
				CLANG_WARN_NON_LITERAL_NULL_CONVERSION = YES;
				CLANG_WARN_OBJC_IMPLICIT_RETAIN_SELF = YES;
				CLANG_WARN_OBJC_LITERAL_CONVERSION = YES;
				CLANG_WARN_OBJC_ROOT_CLASS = YES_ERROR;
				CLANG_WARN_QUOTED_INCLUDE_IN_FRAMEWORK_HEADER = YES;
				CLANG_WARN_RANGE_LOOP_ANALYSIS = YES;
				CLANG_WARN_STRICT_PROTOTYPES = YES;
				CLANG_WARN_SUSPICIOUS_MOVE = YES;
				CLANG_WARN_UNGUARDED_AVAILABILITY = YES_AGGRESSIVE;
				CLANG_WARN_UNREACHABLE_CODE = YES;
				CLANG_WARN__DUPLICATE_METHOD_MATCH = YES;
				COPY_PHASE_STRIP = NO;
				DEBUG_INFORMATION_FORMAT = "dwarf-with-dsym";
				ENABLE_NS_ASSERTIONS = NO;
				ENABLE_STRICT_OBJC_MSGSEND = YES;
				GCC_C_LANGUAGE_STANDARD = gnu11;
				GCC_NO_COMMON_BLOCKS = YES;
				GCC_WARN_64_TO_32_BIT_CONVERSION = YES;
				GCC_WARN_ABOUT_RETURN_TYPE = YES_ERROR;
				GCC_WARN_UNDECLARED_SELECTOR = YES;
				GCC_WARN_UNINITIALIZED_AUTOS = YES_AGGRESSIVE;
				GCC_WARN_UNUSED_FUNCTION = YES;
				GCC_WARN_UNUSED_VARIABLE = YES;
				IPHONEOS_DEPLOYMENT_TARGET = 16.2;
				MTL_ENABLE_DEBUG_INFO = NO;
				MTL_FAST_MATH = YES;
				SDKROOT = iphoneos;
				SWIFT_COMPILATION_MODE = wholemodule;
				SWIFT_OPTIMIZATION_LEVEL = "-O";
				VALIDATE_PRODUCT = YES;
			};
			name = Release;
		};
		633DC3712A4B8F7E00A73ABF /* Debug */ = {
			isa = XCBuildConfiguration;
			buildSettings = {
				ASSETCATALOG_COMPILER_APPICON_NAME = AppIcon;
				ASSETCATALOG_COMPILER_GLOBAL_ACCENT_COLOR_NAME = AccentColor;
				CODE_SIGN_STYLE = Automatic;
				CURRENT_PROJECT_VERSION = 1;
				DEVELOPMENT_ASSET_PATHS = "\"GLTTC/Preview Content\"";
				DEVELOPMENT_TEAM = 35CATFXDVW;
				ENABLE_PREVIEWS = YES;
				GENERATE_INFOPLIST_FILE = YES;
				INFOPLIST_KEY_UIApplicationSceneManifest_Generation = YES;
				INFOPLIST_KEY_UIApplicationSupportsIndirectInputEvents = YES;
				INFOPLIST_KEY_UILaunchScreen_Generation = YES;
				INFOPLIST_KEY_UISupportedInterfaceOrientations_iPad = "UIInterfaceOrientationPortrait UIInterfaceOrientationPortraitUpsideDown UIInterfaceOrientationLandscapeLeft UIInterfaceOrientationLandscapeRight";
				INFOPLIST_KEY_UISupportedInterfaceOrientations_iPhone = "UIInterfaceOrientationPortrait UIInterfaceOrientationLandscapeLeft UIInterfaceOrientationLandscapeRight";
				LD_RUNPATH_SEARCH_PATHS = (
					"$(inherited)",
					"@executable_path/Frameworks",
				);
				MARKETING_VERSION = 1.0;
				PRODUCT_BUNDLE_IDENTIFIER = "com.example.apple-samplecode.GLTTC";
				PRODUCT_NAME = "$(TARGET_NAME)";
				SWIFT_EMIT_LOC_STRINGS = YES;
				SWIFT_VERSION = 5.0;
				TARGETED_DEVICE_FAMILY = "1,2";
			};
			name = Debug;
		};
		633DC3722A4B8F7E00A73ABF /* Release */ = {
			isa = XCBuildConfiguration;
			buildSettings = {
				ASSETCATALOG_COMPILER_APPICON_NAME = AppIcon;
				ASSETCATALOG_COMPILER_GLOBAL_ACCENT_COLOR_NAME = AccentColor;
				CODE_SIGN_STYLE = Automatic;
				CURRENT_PROJECT_VERSION = 1;
				DEVELOPMENT_ASSET_PATHS = "\"GLTTC/Preview Content\"";
				DEVELOPMENT_TEAM = 35CATFXDVW;
				ENABLE_PREVIEWS = YES;
				GENERATE_INFOPLIST_FILE = YES;
				INFOPLIST_KEY_UIApplicationSceneManifest_Generation = YES;
				INFOPLIST_KEY_UIApplicationSupportsIndirectInputEvents = YES;
				INFOPLIST_KEY_UILaunchScreen_Generation = YES;
				INFOPLIST_KEY_UISupportedInterfaceOrientations_iPad = "UIInterfaceOrientationPortrait UIInterfaceOrientationPortraitUpsideDown UIInterfaceOrientationLandscapeLeft UIInterfaceOrientationLandscapeRight";
				INFOPLIST_KEY_UISupportedInterfaceOrientations_iPhone = "UIInterfaceOrientationPortrait UIInterfaceOrientationLandscapeLeft UIInterfaceOrientationLandscapeRight";
				LD_RUNPATH_SEARCH_PATHS = (
					"$(inherited)",
					"@executable_path/Frameworks",
				);
				MARKETING_VERSION = 1.0;
				PRODUCT_BUNDLE_IDENTIFIER = "com.example.apple-samplecode.GLTTC";
				PRODUCT_NAME = "$(TARGET_NAME)";
				SWIFT_EMIT_LOC_STRINGS = YES;
				SWIFT_VERSION = 5.0;
				TARGETED_DEVICE_FAMILY = "1,2";
			};
			name = Release;
		};
/* End XCBuildConfiguration section */

/* Begin XCConfigurationList section */
		633DC35D2A4B8F7D00A73ABF /* Build configuration list for PBXProject "GLTTC" */ = {
			isa = XCConfigurationList;
			buildConfigurations = (
				633DC36E2A4B8F7E00A73ABF /* Debug */,
				633DC36F2A4B8F7E00A73ABF /* Release */,
			);
			defaultConfigurationIsVisible = 0;
			defaultConfigurationName = Release;
		};
		633DC3702A4B8F7E00A73ABF /* Build configuration list for PBXNativeTarget "GLTTC" */ = {
			isa = XCConfigurationList;
			buildConfigurations = (
				633DC3712A4B8F7E00A73ABF /* Debug */,
				633DC3722A4B8F7E00A73ABF /* Release */,
			);
			defaultConfigurationIsVisible = 0;
			defaultConfigurationName = Release;
		};
/* End XCConfigurationList section */

/* Begin XCRemoteSwiftPackageReference section */
		82FF009F2A4CDF160057BFAF /* XCRemoteSwiftPackageReference "firebase-ios-sdk" */ = {
			isa = XCRemoteSwiftPackageReference;
			repositoryURL = "https://github.com/firebase/firebase-ios-sdk";
			requirement = {
				kind = upToNextMajorVersion;
				minimumVersion = 10.0.0;
			};
		};
/* End XCRemoteSwiftPackageReference section */

/* Begin XCSwiftPackageProductDependency section */
		82FF00A02A4CDF160057BFAF /* FirebaseAnalytics */ = {
			isa = XCSwiftPackageProductDependency;
			package = 82FF009F2A4CDF160057BFAF /* XCRemoteSwiftPackageReference "firebase-ios-sdk" */;
			productName = FirebaseAnalytics;
		};
		82FF00A22A4CDF160057BFAF /* FirebaseAuth */ = {
			isa = XCSwiftPackageProductDependency;
			package = 82FF009F2A4CDF160057BFAF /* XCRemoteSwiftPackageReference "firebase-ios-sdk" */;
			productName = FirebaseAuth;
		};
		82FF00A42A4CDF160057BFAF /* FirebaseFirestore */ = {
			isa = XCSwiftPackageProductDependency;
			package = 82FF009F2A4CDF160057BFAF /* XCRemoteSwiftPackageReference "firebase-ios-sdk" */;
			productName = FirebaseFirestore;
		};
		82FF00A62A4CDF160057BFAF /* FirebaseFirestoreSwift */ = {
			isa = XCSwiftPackageProductDependency;
			package = 82FF009F2A4CDF160057BFAF /* XCRemoteSwiftPackageReference "firebase-ios-sdk" */;
			productName = FirebaseFirestoreSwift;
		};
		82FF00A82A4CDF160057BFAF /* FirebaseStorage */ = {
			isa = XCSwiftPackageProductDependency;
			package = 82FF009F2A4CDF160057BFAF /* XCRemoteSwiftPackageReference "firebase-ios-sdk" */;
			productName = FirebaseStorage;
		};
/* End XCSwiftPackageProductDependency section */
	};
	rootObject = 633DC35A2A4B8F7D00A73ABF /* Project object */;
}
